// !$*UTF8*$!
{
	archiveVersion = 1;
	classes = {
	};
	objectVersion = 56;
	objects = {

/* Begin PBXBuildFile section */
		250EF181297002CF00D46002 /* ValidateFeedCacheUseCaseTests.swift in Sources */ = {isa = PBXBuildFile; fileRef = 250EF180297002CF00D46002 /* ValidateFeedCacheUseCaseTests.swift */; };
		250EF183297007B100D46002 /* FeedCacheTestHelpers.swift in Sources */ = {isa = PBXBuildFile; fileRef = 250EF182297007B100D46002 /* FeedCacheTestHelpers.swift */; };
		250EF1852970088000D46002 /* SharedTestHelpers.swift in Sources */ = {isa = PBXBuildFile; fileRef = 250EF1842970088000D46002 /* SharedTestHelpers.swift */; };
		250EF1872970211100D46002 /* FeedCachePolicy.swift in Sources */ = {isa = PBXBuildFile; fileRef = 250EF1862970211100D46002 /* FeedCachePolicy.swift */; };
		250EF18929705CCB00D46002 /* CodableFeedStoreTests.swift in Sources */ = {isa = PBXBuildFile; fileRef = 250EF18829705CCB00D46002 /* CodableFeedStoreTests.swift */; };
		252030F6296DACBE008909D7 /* LocalFeedLoader.swift in Sources */ = {isa = PBXBuildFile; fileRef = 252030F5296DAC31008909D7 /* LocalFeedLoader.swift */; };
		252030F8296DAD3E008909D7 /* FeedStore.swift in Sources */ = {isa = PBXBuildFile; fileRef = 252030F7296DAD3E008909D7 /* FeedStore.swift */; };
		2537F58E29757BCD00524198 /* CodableFeedStore.swift in Sources */ = {isa = PBXBuildFile; fileRef = 2537F58D29757BCD00524198 /* CodableFeedStore.swift */; };
		2537F5902976A3F000524198 /* FeedStoreSpecs.swift in Sources */ = {isa = PBXBuildFile; fileRef = 2537F58F2976A3F000524198 /* FeedStoreSpecs.swift */; };
		2537F5922976A4CE00524198 /* XCTestCase+FeedStoreSpecs.swift in Sources */ = {isa = PBXBuildFile; fileRef = 2537F5912976A4CE00524198 /* XCTestCase+FeedStoreSpecs.swift */; };
		2537F5942976B56800524198 /* XCTestCase+FailableRetrieveFeedStoreSpecs.swift in Sources */ = {isa = PBXBuildFile; fileRef = 2537F5932976B56700524198 /* XCTestCase+FailableRetrieveFeedStoreSpecs.swift */; };
		2537F5962976B64B00524198 /* XCTestCase+FailableInsertFeedStoreSpecs.swift in Sources */ = {isa = PBXBuildFile; fileRef = 2537F5952976B64B00524198 /* XCTestCase+FailableInsertFeedStoreSpecs.swift */; };
		2537F5982976B6F400524198 /* XCTestCase+FailableDeleteFeedStoreSpecs.swift in Sources */ = {isa = PBXBuildFile; fileRef = 2537F5972976B6F400524198 /* XCTestCase+FailableDeleteFeedStoreSpecs.swift */; };
		2537F5A32976C7B400524198 /* EssentialFeedCacheIntegrationTests.swift in Sources */ = {isa = PBXBuildFile; fileRef = 2537F5A22976C7B400524198 /* EssentialFeedCacheIntegrationTests.swift */; };
		2537F5A42976C7B400524198 /* EssentialFeed.framework in Frameworks */ = {isa = PBXBuildFile; fileRef = 25FD7E902955AE2A0080CA69 /* EssentialFeed.framework */; };
		2537F5AA2976CC0000524198 /* XCTestCase+MemoryLeakTracking.swift in Sources */ = {isa = PBXBuildFile; fileRef = 25FD7EBA295C42D60080CA69 /* XCTestCase+MemoryLeakTracking.swift */; };
		25862807296ECB140090E662 /* LoadFeedFromCacheUseCaseTests.swift in Sources */ = {isa = PBXBuildFile; fileRef = 25862806296ECB140090E662 /* LoadFeedFromCacheUseCaseTests.swift */; };
		2586280A296ECC790090E662 /* FeedStoreSpy.swift in Sources */ = {isa = PBXBuildFile; fileRef = 25862809296ECC790090E662 /* FeedStoreSpy.swift */; };
		25E5FB07296EB650009632C4 /* RemoteFeedItem.swift in Sources */ = {isa = PBXBuildFile; fileRef = 25E5FB06296EB650009632C4 /* RemoteFeedItem.swift */; };
		25E5FB09296EB6C7009632C4 /* LocalFeedImage.swift in Sources */ = {isa = PBXBuildFile; fileRef = 25E5FB08296EB6C7009632C4 /* LocalFeedImage.swift */; };
		25FD7E952955AE2A0080CA69 /* EssentialFeed.docc in Sources */ = {isa = PBXBuildFile; fileRef = 25FD7E942955AE2A0080CA69 /* EssentialFeed.docc */; };
		25FD7E9B2955AE2B0080CA69 /* EssentialFeed.framework in Frameworks */ = {isa = PBXBuildFile; fileRef = 25FD7E902955AE2A0080CA69 /* EssentialFeed.framework */; };
		25FD7EA02955AE2B0080CA69 /* LoadFeedFromRemoteUseCaseTests.swift in Sources */ = {isa = PBXBuildFile; fileRef = 25FD7E9F2955AE2B0080CA69 /* LoadFeedFromRemoteUseCaseTests.swift */; };
		25FD7EA12955AE2B0080CA69 /* EssentialFeed.h in Headers */ = {isa = PBXBuildFile; fileRef = 25FD7E932955AE2A0080CA69 /* EssentialFeed.h */; settings = {ATTRIBUTES = (Public, ); }; };
		25FD7EAB2955AE9F0080CA69 /* FeedImage.swift in Sources */ = {isa = PBXBuildFile; fileRef = 25FD7EAA2955AE9F0080CA69 /* FeedImage.swift */; };
		25FD7EAD2955AFDA0080CA69 /* FeedLoader.swift in Sources */ = {isa = PBXBuildFile; fileRef = 25FD7EAC2955AFDA0080CA69 /* FeedLoader.swift */; };
		25FD7EB12955CAE40080CA69 /* RemoteFeedLoader.swift in Sources */ = {isa = PBXBuildFile; fileRef = 25FD7EB02955CAE40080CA69 /* RemoteFeedLoader.swift */; };
		25FD7EB3295B155D0080CA69 /* HTTPClient.swift in Sources */ = {isa = PBXBuildFile; fileRef = 25FD7EB2295B155D0080CA69 /* HTTPClient.swift */; };
		25FD7EB5295B15CA0080CA69 /* FeedItemsMapper.swift in Sources */ = {isa = PBXBuildFile; fileRef = 25FD7EB4295B15CA0080CA69 /* FeedItemsMapper.swift */; };
		25FD7EB8295B57AE0080CA69 /* URLSessionHTTPClientTests.swift in Sources */ = {isa = PBXBuildFile; fileRef = 25FD7EB7295B57AE0080CA69 /* URLSessionHTTPClientTests.swift */; };
		25FD7EBB295C42D60080CA69 /* XCTestCase+MemoryLeakTracking.swift in Sources */ = {isa = PBXBuildFile; fileRef = 25FD7EBA295C42D60080CA69 /* XCTestCase+MemoryLeakTracking.swift */; };
		25FD7EBD295C58C50080CA69 /* URLSessionHTTPClient.swift in Sources */ = {isa = PBXBuildFile; fileRef = 25FD7EBC295C58C50080CA69 /* URLSessionHTTPClient.swift */; };
		25FD7EC5295CA37C0080CA69 /* EssentialFeedAPIEndToEndTests.swift in Sources */ = {isa = PBXBuildFile; fileRef = 25FD7EC4295CA37C0080CA69 /* EssentialFeedAPIEndToEndTests.swift */; };
		25FD7EC6295CA37C0080CA69 /* EssentialFeed.framework in Frameworks */ = {isa = PBXBuildFile; fileRef = 25FD7E902955AE2A0080CA69 /* EssentialFeed.framework */; };
		25FD7ECC295CAE9B0080CA69 /* XCTestCase+MemoryLeakTracking.swift in Sources */ = {isa = PBXBuildFile; fileRef = 25FD7EBA295C42D60080CA69 /* XCTestCase+MemoryLeakTracking.swift */; };
		25FD7ED0295EFADB0080CA69 /* CacheFeedUseCaseTests.swift in Sources */ = {isa = PBXBuildFile; fileRef = 25FD7ECF295EFADB0080CA69 /* CacheFeedUseCaseTests.swift */; };
/* End PBXBuildFile section */

/* Begin PBXContainerItemProxy section */
		2537F5A52976C7B400524198 /* PBXContainerItemProxy */ = {
			isa = PBXContainerItemProxy;
			containerPortal = 25FD7E872955AE2A0080CA69 /* Project object */;
			proxyType = 1;
			remoteGlobalIDString = 25FD7E8F2955AE2A0080CA69;
			remoteInfo = EssentialFeed;
		};
		25FD7E9C2955AE2B0080CA69 /* PBXContainerItemProxy */ = {
			isa = PBXContainerItemProxy;
			containerPortal = 25FD7E872955AE2A0080CA69 /* Project object */;
			proxyType = 1;
			remoteGlobalIDString = 25FD7E8F2955AE2A0080CA69;
			remoteInfo = EssentialFeed;
		};
		25FD7EC7295CA37C0080CA69 /* PBXContainerItemProxy */ = {
			isa = PBXContainerItemProxy;
			containerPortal = 25FD7E872955AE2A0080CA69 /* Project object */;
			proxyType = 1;
			remoteGlobalIDString = 25FD7E8F2955AE2A0080CA69;
			remoteInfo = EssentialFeed;
		};
/* End PBXContainerItemProxy section */

/* Begin PBXFileReference section */
		250EF180297002CF00D46002 /* ValidateFeedCacheUseCaseTests.swift */ = {isa = PBXFileReference; lastKnownFileType = sourcecode.swift; path = ValidateFeedCacheUseCaseTests.swift; sourceTree = "<group>"; };
		250EF182297007B100D46002 /* FeedCacheTestHelpers.swift */ = {isa = PBXFileReference; lastKnownFileType = sourcecode.swift; path = FeedCacheTestHelpers.swift; sourceTree = "<group>"; };
		250EF1842970088000D46002 /* SharedTestHelpers.swift */ = {isa = PBXFileReference; lastKnownFileType = sourcecode.swift; path = SharedTestHelpers.swift; sourceTree = "<group>"; };
		250EF1862970211100D46002 /* FeedCachePolicy.swift */ = {isa = PBXFileReference; lastKnownFileType = sourcecode.swift; path = FeedCachePolicy.swift; sourceTree = "<group>"; };
		250EF18829705CCB00D46002 /* CodableFeedStoreTests.swift */ = {isa = PBXFileReference; lastKnownFileType = sourcecode.swift; path = CodableFeedStoreTests.swift; sourceTree = "<group>"; };
		252030F5296DAC31008909D7 /* LocalFeedLoader.swift */ = {isa = PBXFileReference; lastKnownFileType = sourcecode.swift; path = LocalFeedLoader.swift; sourceTree = "<group>"; };
		252030F7296DAD3E008909D7 /* FeedStore.swift */ = {isa = PBXFileReference; lastKnownFileType = sourcecode.swift; path = FeedStore.swift; sourceTree = "<group>"; };
		2537F58D29757BCD00524198 /* CodableFeedStore.swift */ = {isa = PBXFileReference; lastKnownFileType = sourcecode.swift; path = CodableFeedStore.swift; sourceTree = "<group>"; };
		2537F58F2976A3F000524198 /* FeedStoreSpecs.swift */ = {isa = PBXFileReference; lastKnownFileType = sourcecode.swift; path = FeedStoreSpecs.swift; sourceTree = "<group>"; };
		2537F5912976A4CE00524198 /* XCTestCase+FeedStoreSpecs.swift */ = {isa = PBXFileReference; lastKnownFileType = sourcecode.swift; path = "XCTestCase+FeedStoreSpecs.swift"; sourceTree = "<group>"; };
		2537F5932976B56700524198 /* XCTestCase+FailableRetrieveFeedStoreSpecs.swift */ = {isa = PBXFileReference; lastKnownFileType = sourcecode.swift; path = "XCTestCase+FailableRetrieveFeedStoreSpecs.swift"; sourceTree = "<group>"; };
		2537F5952976B64B00524198 /* XCTestCase+FailableInsertFeedStoreSpecs.swift */ = {isa = PBXFileReference; lastKnownFileType = sourcecode.swift; path = "XCTestCase+FailableInsertFeedStoreSpecs.swift"; sourceTree = "<group>"; };
		2537F5972976B6F400524198 /* XCTestCase+FailableDeleteFeedStoreSpecs.swift */ = {isa = PBXFileReference; lastKnownFileType = sourcecode.swift; path = "XCTestCase+FailableDeleteFeedStoreSpecs.swift"; sourceTree = "<group>"; };
		2537F5A02976C7B400524198 /* EssentialFeedCacheIntegrationTests.xctest */ = {isa = PBXFileReference; explicitFileType = wrapper.cfbundle; includeInIndex = 0; path = EssentialFeedCacheIntegrationTests.xctest; sourceTree = BUILT_PRODUCTS_DIR; };
		2537F5A22976C7B400524198 /* EssentialFeedCacheIntegrationTests.swift */ = {isa = PBXFileReference; lastKnownFileType = sourcecode.swift; path = EssentialFeedCacheIntegrationTests.swift; sourceTree = "<group>"; };
		25862806296ECB140090E662 /* LoadFeedFromCacheUseCaseTests.swift */ = {isa = PBXFileReference; lastKnownFileType = sourcecode.swift; path = LoadFeedFromCacheUseCaseTests.swift; sourceTree = "<group>"; };
		25862809296ECC790090E662 /* FeedStoreSpy.swift */ = {isa = PBXFileReference; lastKnownFileType = sourcecode.swift; path = FeedStoreSpy.swift; sourceTree = "<group>"; };
		25E5FB06296EB650009632C4 /* RemoteFeedItem.swift */ = {isa = PBXFileReference; lastKnownFileType = sourcecode.swift; path = RemoteFeedItem.swift; sourceTree = "<group>"; };
		25E5FB08296EB6C7009632C4 /* LocalFeedImage.swift */ = {isa = PBXFileReference; lastKnownFileType = sourcecode.swift; path = LocalFeedImage.swift; sourceTree = "<group>"; };
		25FD7E902955AE2A0080CA69 /* EssentialFeed.framework */ = {isa = PBXFileReference; explicitFileType = wrapper.framework; includeInIndex = 0; path = EssentialFeed.framework; sourceTree = BUILT_PRODUCTS_DIR; };
		25FD7E932955AE2A0080CA69 /* EssentialFeed.h */ = {isa = PBXFileReference; lastKnownFileType = sourcecode.c.h; path = EssentialFeed.h; sourceTree = "<group>"; };
		25FD7E942955AE2A0080CA69 /* EssentialFeed.docc */ = {isa = PBXFileReference; lastKnownFileType = folder.documentationcatalog; path = EssentialFeed.docc; sourceTree = "<group>"; };
		25FD7E9A2955AE2B0080CA69 /* EssentialFeedTests.xctest */ = {isa = PBXFileReference; explicitFileType = wrapper.cfbundle; includeInIndex = 0; path = EssentialFeedTests.xctest; sourceTree = BUILT_PRODUCTS_DIR; };
		25FD7E9F2955AE2B0080CA69 /* LoadFeedFromRemoteUseCaseTests.swift */ = {isa = PBXFileReference; lastKnownFileType = sourcecode.swift; path = LoadFeedFromRemoteUseCaseTests.swift; sourceTree = "<group>"; };
		25FD7EAA2955AE9F0080CA69 /* FeedImage.swift */ = {isa = PBXFileReference; lastKnownFileType = sourcecode.swift; path = FeedImage.swift; sourceTree = "<group>"; };
		25FD7EAC2955AFDA0080CA69 /* FeedLoader.swift */ = {isa = PBXFileReference; lastKnownFileType = sourcecode.swift; path = FeedLoader.swift; sourceTree = "<group>"; };
		25FD7EB02955CAE40080CA69 /* RemoteFeedLoader.swift */ = {isa = PBXFileReference; lastKnownFileType = sourcecode.swift; path = RemoteFeedLoader.swift; sourceTree = "<group>"; };
		25FD7EB2295B155D0080CA69 /* HTTPClient.swift */ = {isa = PBXFileReference; lastKnownFileType = sourcecode.swift; path = HTTPClient.swift; sourceTree = "<group>"; };
		25FD7EB4295B15CA0080CA69 /* FeedItemsMapper.swift */ = {isa = PBXFileReference; lastKnownFileType = sourcecode.swift; path = FeedItemsMapper.swift; sourceTree = "<group>"; };
		25FD7EB7295B57AE0080CA69 /* URLSessionHTTPClientTests.swift */ = {isa = PBXFileReference; lastKnownFileType = sourcecode.swift; path = URLSessionHTTPClientTests.swift; sourceTree = "<group>"; };
		25FD7EBA295C42D60080CA69 /* XCTestCase+MemoryLeakTracking.swift */ = {isa = PBXFileReference; lastKnownFileType = sourcecode.swift; path = "XCTestCase+MemoryLeakTracking.swift"; sourceTree = "<group>"; };
		25FD7EBC295C58C50080CA69 /* URLSessionHTTPClient.swift */ = {isa = PBXFileReference; lastKnownFileType = sourcecode.swift; path = URLSessionHTTPClient.swift; sourceTree = "<group>"; };
		25FD7EC2295CA37C0080CA69 /* EssentialFeedAPIEndToEndTests.xctest */ = {isa = PBXFileReference; explicitFileType = wrapper.cfbundle; includeInIndex = 0; path = EssentialFeedAPIEndToEndTests.xctest; sourceTree = BUILT_PRODUCTS_DIR; };
		25FD7EC4295CA37C0080CA69 /* EssentialFeedAPIEndToEndTests.swift */ = {isa = PBXFileReference; lastKnownFileType = sourcecode.swift; path = EssentialFeedAPIEndToEndTests.swift; sourceTree = "<group>"; };
		25FD7ECD295DF30F0080CA69 /* README.md */ = {isa = PBXFileReference; lastKnownFileType = net.daringfireball.markdown; path = README.md; sourceTree = "<group>"; };
		25FD7ECF295EFADB0080CA69 /* CacheFeedUseCaseTests.swift */ = {isa = PBXFileReference; lastKnownFileType = sourcecode.swift; path = CacheFeedUseCaseTests.swift; sourceTree = "<group>"; };
/* End PBXFileReference section */

/* Begin PBXFrameworksBuildPhase section */
		2537F59D2976C7B400524198 /* Frameworks */ = {
			isa = PBXFrameworksBuildPhase;
			buildActionMask = 2147483647;
			files = (
				2537F5A42976C7B400524198 /* EssentialFeed.framework in Frameworks */,
			);
			runOnlyForDeploymentPostprocessing = 0;
		};
		25FD7E8D2955AE2A0080CA69 /* Frameworks */ = {
			isa = PBXFrameworksBuildPhase;
			buildActionMask = 2147483647;
			files = (
			);
			runOnlyForDeploymentPostprocessing = 0;
		};
		25FD7E972955AE2B0080CA69 /* Frameworks */ = {
			isa = PBXFrameworksBuildPhase;
			buildActionMask = 2147483647;
			files = (
				25FD7E9B2955AE2B0080CA69 /* EssentialFeed.framework in Frameworks */,
			);
			runOnlyForDeploymentPostprocessing = 0;
		};
		25FD7EBF295CA37C0080CA69 /* Frameworks */ = {
			isa = PBXFrameworksBuildPhase;
			buildActionMask = 2147483647;
			files = (
				25FD7EC6295CA37C0080CA69 /* EssentialFeed.framework in Frameworks */,
			);
			runOnlyForDeploymentPostprocessing = 0;
		};
/* End PBXFrameworksBuildPhase section */

/* Begin PBXGroup section */
		252030F4296DAC31008909D7 /* Feed Cache */ = {
			isa = PBXGroup;
			children = (
				2537F59A2976C73900524198 /* Infrastructure */,
				252030F5296DAC31008909D7 /* LocalFeedLoader.swift */,
				252030F7296DAD3E008909D7 /* FeedStore.swift */,
				25E5FB08296EB6C7009632C4 /* LocalFeedImage.swift */,
				250EF1862970211100D46002 /* FeedCachePolicy.swift */,
			);
			path = "Feed Cache";
			sourceTree = "<group>";
		};
		2537F5992976B7A100524198 /* FeedStoreSpecs */ = {
			isa = PBXGroup;
			children = (
				2537F58F2976A3F000524198 /* FeedStoreSpecs.swift */,
				2537F5912976A4CE00524198 /* XCTestCase+FeedStoreSpecs.swift */,
				2537F5932976B56700524198 /* XCTestCase+FailableRetrieveFeedStoreSpecs.swift */,
				2537F5952976B64B00524198 /* XCTestCase+FailableInsertFeedStoreSpecs.swift */,
				2537F5972976B6F400524198 /* XCTestCase+FailableDeleteFeedStoreSpecs.swift */,
			);
			path = FeedStoreSpecs;
			sourceTree = "<group>";
		};
		2537F59A2976C73900524198 /* Infrastructure */ = {
			isa = PBXGroup;
			children = (
				2537F59B2976C74400524198 /* Codable */,
			);
			path = Infrastructure;
			sourceTree = "<group>";
		};
		2537F59B2976C74400524198 /* Codable */ = {
			isa = PBXGroup;
			children = (
				2537F58D29757BCD00524198 /* CodableFeedStore.swift */,
			);
			path = Codable;
			sourceTree = "<group>";
		};
		2537F5A12976C7B400524198 /* EssentialFeedCacheIntegrationTests */ = {
			isa = PBXGroup;
			children = (
				2537F5A22976C7B400524198 /* EssentialFeedCacheIntegrationTests.swift */,
			);
			path = EssentialFeedCacheIntegrationTests;
			sourceTree = "<group>";
		};
		25862808296ECC640090E662 /* Helpers */ = {
			isa = PBXGroup;
			children = (
				25862809296ECC790090E662 /* FeedStoreSpy.swift */,
				250EF182297007B100D46002 /* FeedCacheTestHelpers.swift */,
			);
			path = Helpers;
			sourceTree = "<group>";
		};
		25FD7E862955AE2A0080CA69 = {
			isa = PBXGroup;
			children = (
				25FD7ECD295DF30F0080CA69 /* README.md */,
				25FD7E922955AE2A0080CA69 /* EssentialFeed */,
				25FD7E9E2955AE2B0080CA69 /* EssentialFeedTests */,
				25FD7EC3295CA37C0080CA69 /* EssentialFeedAPIEndToEndTests */,
				2537F5A12976C7B400524198 /* EssentialFeedCacheIntegrationTests */,
				25FD7E912955AE2A0080CA69 /* Products */,
			);
			sourceTree = "<group>";
		};
		25FD7E912955AE2A0080CA69 /* Products */ = {
			isa = PBXGroup;
			children = (
				25FD7E902955AE2A0080CA69 /* EssentialFeed.framework */,
				25FD7E9A2955AE2B0080CA69 /* EssentialFeedTests.xctest */,
				25FD7EC2295CA37C0080CA69 /* EssentialFeedAPIEndToEndTests.xctest */,
				2537F5A02976C7B400524198 /* EssentialFeedCacheIntegrationTests.xctest */,
			);
			name = Products;
			sourceTree = "<group>";
		};
		25FD7E922955AE2A0080CA69 /* EssentialFeed */ = {
			isa = PBXGroup;
			children = (
				25FD7E932955AE2A0080CA69 /* EssentialFeed.h */,
				25FD7E942955AE2A0080CA69 /* EssentialFeed.docc */,
				252030F4296DAC31008909D7 /* Feed Cache */,
				25FD7EAE2955B0E90080CA69 /* Feed Feature */,
				25FD7EAF2955CAB10080CA69 /* Feed API */,
			);
			path = EssentialFeed;
			sourceTree = "<group>";
		};
		25FD7E9E2955AE2B0080CA69 /* EssentialFeedTests */ = {
			isa = PBXGroup;
			children = (
				25FD7EB9295C42B80080CA69 /* Helpers */,
				25FD7ECE295EFAA20080CA69 /* Feed Cache */,
				25FD7EB6295B1CCB0080CA69 /* Feed API */,
			);
			path = EssentialFeedTests;
			sourceTree = "<group>";
		};
		25FD7EAE2955B0E90080CA69 /* Feed Feature */ = {
			isa = PBXGroup;
			children = (
				25FD7EAA2955AE9F0080CA69 /* FeedImage.swift */,
				25FD7EAC2955AFDA0080CA69 /* FeedLoader.swift */,
			);
			path = "Feed Feature";
			sourceTree = "<group>";
		};
		25FD7EAF2955CAB10080CA69 /* Feed API */ = {
			isa = PBXGroup;
			children = (
				25FD7EB02955CAE40080CA69 /* RemoteFeedLoader.swift */,
				25FD7EB4295B15CA0080CA69 /* FeedItemsMapper.swift */,
				25E5FB06296EB650009632C4 /* RemoteFeedItem.swift */,
				25FD7EB2295B155D0080CA69 /* HTTPClient.swift */,
				25FD7EBC295C58C50080CA69 /* URLSessionHTTPClient.swift */,
			);
			path = "Feed API";
			sourceTree = "<group>";
		};
		25FD7EB6295B1CCB0080CA69 /* Feed API */ = {
			isa = PBXGroup;
			children = (
				25FD7E9F2955AE2B0080CA69 /* LoadFeedFromRemoteUseCaseTests.swift */,
				25FD7EB7295B57AE0080CA69 /* URLSessionHTTPClientTests.swift */,
			);
			path = "Feed API";
			sourceTree = "<group>";
		};
		25FD7EB9295C42B80080CA69 /* Helpers */ = {
			isa = PBXGroup;
			children = (
				25FD7EBA295C42D60080CA69 /* XCTestCase+MemoryLeakTracking.swift */,
				250EF1842970088000D46002 /* SharedTestHelpers.swift */,
			);
			path = Helpers;
			sourceTree = "<group>";
		};
		25FD7EC3295CA37C0080CA69 /* EssentialFeedAPIEndToEndTests */ = {
			isa = PBXGroup;
			children = (
				25FD7EC4295CA37C0080CA69 /* EssentialFeedAPIEndToEndTests.swift */,
			);
			path = EssentialFeedAPIEndToEndTests;
			sourceTree = "<group>";
		};
		25FD7ECE295EFAA20080CA69 /* Feed Cache */ = {
			isa = PBXGroup;
			children = (
				25862808296ECC640090E662 /* Helpers */,
				2537F5992976B7A100524198 /* FeedStoreSpecs */,
				25FD7ECF295EFADB0080CA69 /* CacheFeedUseCaseTests.swift */,
				25862806296ECB140090E662 /* LoadFeedFromCacheUseCaseTests.swift */,
				250EF180297002CF00D46002 /* ValidateFeedCacheUseCaseTests.swift */,
				250EF18829705CCB00D46002 /* CodableFeedStoreTests.swift */,
			);
			path = "Feed Cache";
			sourceTree = "<group>";
		};
/* End PBXGroup section */

/* Begin PBXHeadersBuildPhase section */
		25FD7E8B2955AE2A0080CA69 /* Headers */ = {
			isa = PBXHeadersBuildPhase;
			buildActionMask = 2147483647;
			files = (
				25FD7EA12955AE2B0080CA69 /* EssentialFeed.h in Headers */,
			);
			runOnlyForDeploymentPostprocessing = 0;
		};
/* End PBXHeadersBuildPhase section */

/* Begin PBXNativeTarget section */
		2537F59F2976C7B400524198 /* EssentialFeedCacheIntegrationTests */ = {
			isa = PBXNativeTarget;
			buildConfigurationList = 2537F5A72976C7B400524198 /* Build configuration list for PBXNativeTarget "EssentialFeedCacheIntegrationTests" */;
			buildPhases = (
				2537F59C2976C7B400524198 /* Sources */,
				2537F59D2976C7B400524198 /* Frameworks */,
				2537F59E2976C7B400524198 /* Resources */,
			);
			buildRules = (
			);
			dependencies = (
				2537F5A62976C7B400524198 /* PBXTargetDependency */,
			);
			name = EssentialFeedCacheIntegrationTests;
			productName = EssentialFeedCacheIntegrationTests;
			productReference = 2537F5A02976C7B400524198 /* EssentialFeedCacheIntegrationTests.xctest */;
			productType = "com.apple.product-type.bundle.unit-test";
		};
		25FD7E8F2955AE2A0080CA69 /* EssentialFeed */ = {
			isa = PBXNativeTarget;
			buildConfigurationList = 25FD7EA42955AE2B0080CA69 /* Build configuration list for PBXNativeTarget "EssentialFeed" */;
			buildPhases = (
				25FD7E8B2955AE2A0080CA69 /* Headers */,
				25FD7E8C2955AE2A0080CA69 /* Sources */,
				25FD7E8D2955AE2A0080CA69 /* Frameworks */,
				25FD7E8E2955AE2A0080CA69 /* Resources */,
			);
			buildRules = (
			);
			dependencies = (
			);
			name = EssentialFeed;
			productName = EssentialFeed;
			productReference = 25FD7E902955AE2A0080CA69 /* EssentialFeed.framework */;
			productType = "com.apple.product-type.framework";
		};
		25FD7E992955AE2B0080CA69 /* EssentialFeedTests */ = {
			isa = PBXNativeTarget;
			buildConfigurationList = 25FD7EA72955AE2B0080CA69 /* Build configuration list for PBXNativeTarget "EssentialFeedTests" */;
			buildPhases = (
				25FD7E962955AE2B0080CA69 /* Sources */,
				25FD7E972955AE2B0080CA69 /* Frameworks */,
				25FD7E982955AE2B0080CA69 /* Resources */,
			);
			buildRules = (
			);
			dependencies = (
				25FD7E9D2955AE2B0080CA69 /* PBXTargetDependency */,
			);
			name = EssentialFeedTests;
			productName = EssentialFeedTests;
			productReference = 25FD7E9A2955AE2B0080CA69 /* EssentialFeedTests.xctest */;
			productType = "com.apple.product-type.bundle.unit-test";
		};
		25FD7EC1295CA37C0080CA69 /* EssentialFeedAPIEndToEndTests */ = {
			isa = PBXNativeTarget;
			buildConfigurationList = 25FD7EC9295CA37C0080CA69 /* Build configuration list for PBXNativeTarget "EssentialFeedAPIEndToEndTests" */;
			buildPhases = (
				25FD7EBE295CA37C0080CA69 /* Sources */,
				25FD7EBF295CA37C0080CA69 /* Frameworks */,
				25FD7EC0295CA37C0080CA69 /* Resources */,
			);
			buildRules = (
			);
			dependencies = (
				25FD7EC8295CA37C0080CA69 /* PBXTargetDependency */,
			);
			name = EssentialFeedAPIEndToEndTests;
			productName = EssentialFeedAPIEndToEndTests;
			productReference = 25FD7EC2295CA37C0080CA69 /* EssentialFeedAPIEndToEndTests.xctest */;
			productType = "com.apple.product-type.bundle.unit-test";
		};
/* End PBXNativeTarget section */

/* Begin PBXProject section */
		25FD7E872955AE2A0080CA69 /* Project object */ = {
			isa = PBXProject;
			attributes = {
				BuildIndependentTargetsInParallel = 1;
				LastSwiftUpdateCheck = 1420;
				LastUpgradeCheck = 1420;
				TargetAttributes = {
					2537F59F2976C7B400524198 = {
						CreatedOnToolsVersion = 14.2;
					};
					25FD7E8F2955AE2A0080CA69 = {
						CreatedOnToolsVersion = 14.2;
					};
					25FD7E992955AE2B0080CA69 = {
						CreatedOnToolsVersion = 14.2;
					};
					25FD7EC1295CA37C0080CA69 = {
						CreatedOnToolsVersion = 14.2;
					};
				};
			};
			buildConfigurationList = 25FD7E8A2955AE2A0080CA69 /* Build configuration list for PBXProject "EssentialFeed" */;
			compatibilityVersion = "Xcode 14.0";
			developmentRegion = en;
			hasScannedForEncodings = 0;
			knownRegions = (
				en,
				Base,
			);
			mainGroup = 25FD7E862955AE2A0080CA69;
			productRefGroup = 25FD7E912955AE2A0080CA69 /* Products */;
			projectDirPath = "";
			projectRoot = "";
			targets = (
				25FD7E8F2955AE2A0080CA69 /* EssentialFeed */,
				25FD7E992955AE2B0080CA69 /* EssentialFeedTests */,
				25FD7EC1295CA37C0080CA69 /* EssentialFeedAPIEndToEndTests */,
				2537F59F2976C7B400524198 /* EssentialFeedCacheIntegrationTests */,
			);
		};
/* End PBXProject section */

/* Begin PBXResourcesBuildPhase section */
		2537F59E2976C7B400524198 /* Resources */ = {
			isa = PBXResourcesBuildPhase;
			buildActionMask = 2147483647;
			files = (
			);
			runOnlyForDeploymentPostprocessing = 0;
		};
		25FD7E8E2955AE2A0080CA69 /* Resources */ = {
			isa = PBXResourcesBuildPhase;
			buildActionMask = 2147483647;
			files = (
			);
			runOnlyForDeploymentPostprocessing = 0;
		};
		25FD7E982955AE2B0080CA69 /* Resources */ = {
			isa = PBXResourcesBuildPhase;
			buildActionMask = 2147483647;
			files = (
			);
			runOnlyForDeploymentPostprocessing = 0;
		};
		25FD7EC0295CA37C0080CA69 /* Resources */ = {
			isa = PBXResourcesBuildPhase;
			buildActionMask = 2147483647;
			files = (
			);
			runOnlyForDeploymentPostprocessing = 0;
		};
/* End PBXResourcesBuildPhase section */

/* Begin PBXSourcesBuildPhase section */
		2537F59C2976C7B400524198 /* Sources */ = {
			isa = PBXSourcesBuildPhase;
			buildActionMask = 2147483647;
			files = (
				2537F5A32976C7B400524198 /* EssentialFeedCacheIntegrationTests.swift in Sources */,
				2537F5AA2976CC0000524198 /* XCTestCase+MemoryLeakTracking.swift in Sources */,
			);
			runOnlyForDeploymentPostprocessing = 0;
		};
		25FD7E8C2955AE2A0080CA69 /* Sources */ = {
			isa = PBXSourcesBuildPhase;
			buildActionMask = 2147483647;
			files = (
				25E5FB09296EB6C7009632C4 /* LocalFeedImage.swift in Sources */,
				252030F8296DAD3E008909D7 /* FeedStore.swift in Sources */,
				25FD7EBD295C58C50080CA69 /* URLSessionHTTPClient.swift in Sources */,
				25FD7EB12955CAE40080CA69 /* RemoteFeedLoader.swift in Sources */,
				25FD7EB3295B155D0080CA69 /* HTTPClient.swift in Sources */,
				25FD7EAD2955AFDA0080CA69 /* FeedLoader.swift in Sources */,
				25FD7EB5295B15CA0080CA69 /* FeedItemsMapper.swift in Sources */,
				25E5FB07296EB650009632C4 /* RemoteFeedItem.swift in Sources */,
				2537F58E29757BCD00524198 /* CodableFeedStore.swift in Sources */,
				250EF1872970211100D46002 /* FeedCachePolicy.swift in Sources */,
				25FD7EAB2955AE9F0080CA69 /* FeedImage.swift in Sources */,
				252030F6296DACBE008909D7 /* LocalFeedLoader.swift in Sources */,
				25FD7E952955AE2A0080CA69 /* EssentialFeed.docc in Sources */,
			);
			runOnlyForDeploymentPostprocessing = 0;
		};
		25FD7E962955AE2B0080CA69 /* Sources */ = {
			isa = PBXSourcesBuildPhase;
			buildActionMask = 2147483647;
			files = (
				250EF18929705CCB00D46002 /* CodableFeedStoreTests.swift in Sources */,
				250EF183297007B100D46002 /* FeedCacheTestHelpers.swift in Sources */,
				250EF181297002CF00D46002 /* ValidateFeedCacheUseCaseTests.swift in Sources */,
				25FD7EA02955AE2B0080CA69 /* LoadFeedFromRemoteUseCaseTests.swift in Sources */,
				2537F5962976B64B00524198 /* XCTestCase+FailableInsertFeedStoreSpecs.swift in Sources */,
				25FD7EB8295B57AE0080CA69 /* URLSessionHTTPClientTests.swift in Sources */,
				2586280A296ECC790090E662 /* FeedStoreSpy.swift in Sources */,
				250EF1852970088000D46002 /* SharedTestHelpers.swift in Sources */,
				25FD7ED0295EFADB0080CA69 /* CacheFeedUseCaseTests.swift in Sources */,
				2537F5982976B6F400524198 /* XCTestCase+FailableDeleteFeedStoreSpecs.swift in Sources */,
				2537F5942976B56800524198 /* XCTestCase+FailableRetrieveFeedStoreSpecs.swift in Sources */,
				25862807296ECB140090E662 /* LoadFeedFromCacheUseCaseTests.swift in Sources */,
				2537F5902976A3F000524198 /* FeedStoreSpecs.swift in Sources */,
				25FD7EBB295C42D60080CA69 /* XCTestCase+MemoryLeakTracking.swift in Sources */,
				2537F5922976A4CE00524198 /* XCTestCase+FeedStoreSpecs.swift in Sources */,
			);
			runOnlyForDeploymentPostprocessing = 0;
		};
		25FD7EBE295CA37C0080CA69 /* Sources */ = {
			isa = PBXSourcesBuildPhase;
			buildActionMask = 2147483647;
			files = (
				25FD7EC5295CA37C0080CA69 /* EssentialFeedAPIEndToEndTests.swift in Sources */,
				25FD7ECC295CAE9B0080CA69 /* XCTestCase+MemoryLeakTracking.swift in Sources */,
			);
			runOnlyForDeploymentPostprocessing = 0;
		};
/* End PBXSourcesBuildPhase section */

/* Begin PBXTargetDependency section */
		2537F5A62976C7B400524198 /* PBXTargetDependency */ = {
			isa = PBXTargetDependency;
			target = 25FD7E8F2955AE2A0080CA69 /* EssentialFeed */;
			targetProxy = 2537F5A52976C7B400524198 /* PBXContainerItemProxy */;
		};
		25FD7E9D2955AE2B0080CA69 /* PBXTargetDependency */ = {
			isa = PBXTargetDependency;
			target = 25FD7E8F2955AE2A0080CA69 /* EssentialFeed */;
			targetProxy = 25FD7E9C2955AE2B0080CA69 /* PBXContainerItemProxy */;
		};
		25FD7EC8295CA37C0080CA69 /* PBXTargetDependency */ = {
			isa = PBXTargetDependency;
			target = 25FD7E8F2955AE2A0080CA69 /* EssentialFeed */;
			targetProxy = 25FD7EC7295CA37C0080CA69 /* PBXContainerItemProxy */;
		};
/* End PBXTargetDependency section */

/* Begin XCBuildConfiguration section */
		2537F5A82976C7B400524198 /* Debug */ = {
			isa = XCBuildConfiguration;
			buildSettings = {
				CODE_SIGN_STYLE = Automatic;
				CURRENT_PROJECT_VERSION = 1;
				DEVELOPMENT_TEAM = 93RW74SNFB;
				GENERATE_INFOPLIST_FILE = YES;
				MACOSX_DEPLOYMENT_TARGET = 13.1;
				MARKETING_VERSION = 1.0;
				PRODUCT_BUNDLE_IDENTIFIER = es.jorgifumi.EssentialFeedCacheIntegrationTests;
				PRODUCT_NAME = "$(TARGET_NAME)";
				SWIFT_EMIT_LOC_STRINGS = NO;
				SWIFT_VERSION = 5.0;
			};
			name = Debug;
		};
		2537F5A92976C7B400524198 /* Release */ = {
			isa = XCBuildConfiguration;
			buildSettings = {
				CODE_SIGN_STYLE = Automatic;
				CURRENT_PROJECT_VERSION = 1;
				DEVELOPMENT_TEAM = 93RW74SNFB;
				GENERATE_INFOPLIST_FILE = YES;
				MACOSX_DEPLOYMENT_TARGET = 13.1;
				MARKETING_VERSION = 1.0;
				PRODUCT_BUNDLE_IDENTIFIER = es.jorgifumi.EssentialFeedCacheIntegrationTests;
				PRODUCT_NAME = "$(TARGET_NAME)";
				SWIFT_EMIT_LOC_STRINGS = NO;
				SWIFT_VERSION = 5.0;
			};
			name = Release;
		};
		25FD7EA22955AE2B0080CA69 /* Debug */ = {
			isa = XCBuildConfiguration;
			buildSettings = {
				ALWAYS_SEARCH_USER_PATHS = NO;
				CLANG_ANALYZER_NONNULL = YES;
				CLANG_ANALYZER_NUMBER_OBJECT_CONVERSION = YES_AGGRESSIVE;
				CLANG_CXX_LANGUAGE_STANDARD = "gnu++20";
				CLANG_ENABLE_MODULES = YES;
				CLANG_ENABLE_OBJC_ARC = YES;
				CLANG_ENABLE_OBJC_WEAK = YES;
				CLANG_WARN_BLOCK_CAPTURE_AUTORELEASING = YES;
				CLANG_WARN_BOOL_CONVERSION = YES;
				CLANG_WARN_COMMA = YES;
				CLANG_WARN_CONSTANT_CONVERSION = YES;
				CLANG_WARN_DEPRECATED_OBJC_IMPLEMENTATIONS = YES;
				CLANG_WARN_DIRECT_OBJC_ISA_USAGE = YES_ERROR;
				CLANG_WARN_DOCUMENTATION_COMMENTS = YES;
				CLANG_WARN_EMPTY_BODY = YES;
				CLANG_WARN_ENUM_CONVERSION = YES;
				CLANG_WARN_INFINITE_RECURSION = YES;
				CLANG_WARN_INT_CONVERSION = YES;
				CLANG_WARN_NON_LITERAL_NULL_CONVERSION = YES;
				CLANG_WARN_OBJC_IMPLICIT_RETAIN_SELF = YES;
				CLANG_WARN_OBJC_LITERAL_CONVERSION = YES;
				CLANG_WARN_OBJC_ROOT_CLASS = YES_ERROR;
				CLANG_WARN_QUOTED_INCLUDE_IN_FRAMEWORK_HEADER = YES;
				CLANG_WARN_RANGE_LOOP_ANALYSIS = YES;
				CLANG_WARN_STRICT_PROTOTYPES = YES;
				CLANG_WARN_SUSPICIOUS_MOVE = YES;
				CLANG_WARN_UNGUARDED_AVAILABILITY = YES_AGGRESSIVE;
				CLANG_WARN_UNREACHABLE_CODE = YES;
				CLANG_WARN__DUPLICATE_METHOD_MATCH = YES;
				COPY_PHASE_STRIP = NO;
				CURRENT_PROJECT_VERSION = 1;
				DEBUG_INFORMATION_FORMAT = dwarf;
				ENABLE_STRICT_OBJC_MSGSEND = YES;
				ENABLE_TESTABILITY = YES;
				GCC_C_LANGUAGE_STANDARD = gnu11;
				GCC_DYNAMIC_NO_PIC = NO;
				GCC_NO_COMMON_BLOCKS = YES;
				GCC_OPTIMIZATION_LEVEL = 0;
				GCC_PREPROCESSOR_DEFINITIONS = (
					"DEBUG=1",
					"$(inherited)",
				);
				GCC_WARN_64_TO_32_BIT_CONVERSION = YES;
				GCC_WARN_ABOUT_RETURN_TYPE = YES_ERROR;
				GCC_WARN_UNDECLARED_SELECTOR = YES;
				GCC_WARN_UNINITIALIZED_AUTOS = YES_AGGRESSIVE;
				GCC_WARN_UNUSED_FUNCTION = YES;
				GCC_WARN_UNUSED_VARIABLE = YES;
				MACOSX_DEPLOYMENT_TARGET = 12.6;
				MTL_ENABLE_DEBUG_INFO = INCLUDE_SOURCE;
				MTL_FAST_MATH = YES;
				ONLY_ACTIVE_ARCH = YES;
				SDKROOT = macosx;
				SWIFT_ACTIVE_COMPILATION_CONDITIONS = DEBUG;
				SWIFT_OPTIMIZATION_LEVEL = "-Onone";
				VERSIONING_SYSTEM = "apple-generic";
				VERSION_INFO_PREFIX = "";
			};
			name = Debug;
		};
		25FD7EA32955AE2B0080CA69 /* Release */ = {
			isa = XCBuildConfiguration;
			buildSettings = {
				ALWAYS_SEARCH_USER_PATHS = NO;
				CLANG_ANALYZER_NONNULL = YES;
				CLANG_ANALYZER_NUMBER_OBJECT_CONVERSION = YES_AGGRESSIVE;
				CLANG_CXX_LANGUAGE_STANDARD = "gnu++20";
				CLANG_ENABLE_MODULES = YES;
				CLANG_ENABLE_OBJC_ARC = YES;
				CLANG_ENABLE_OBJC_WEAK = YES;
				CLANG_WARN_BLOCK_CAPTURE_AUTORELEASING = YES;
				CLANG_WARN_BOOL_CONVERSION = YES;
				CLANG_WARN_COMMA = YES;
				CLANG_WARN_CONSTANT_CONVERSION = YES;
				CLANG_WARN_DEPRECATED_OBJC_IMPLEMENTATIONS = YES;
				CLANG_WARN_DIRECT_OBJC_ISA_USAGE = YES_ERROR;
				CLANG_WARN_DOCUMENTATION_COMMENTS = YES;
				CLANG_WARN_EMPTY_BODY = YES;
				CLANG_WARN_ENUM_CONVERSION = YES;
				CLANG_WARN_INFINITE_RECURSION = YES;
				CLANG_WARN_INT_CONVERSION = YES;
				CLANG_WARN_NON_LITERAL_NULL_CONVERSION = YES;
				CLANG_WARN_OBJC_IMPLICIT_RETAIN_SELF = YES;
				CLANG_WARN_OBJC_LITERAL_CONVERSION = YES;
				CLANG_WARN_OBJC_ROOT_CLASS = YES_ERROR;
				CLANG_WARN_QUOTED_INCLUDE_IN_FRAMEWORK_HEADER = YES;
				CLANG_WARN_RANGE_LOOP_ANALYSIS = YES;
				CLANG_WARN_STRICT_PROTOTYPES = YES;
				CLANG_WARN_SUSPICIOUS_MOVE = YES;
				CLANG_WARN_UNGUARDED_AVAILABILITY = YES_AGGRESSIVE;
				CLANG_WARN_UNREACHABLE_CODE = YES;
				CLANG_WARN__DUPLICATE_METHOD_MATCH = YES;
				COPY_PHASE_STRIP = NO;
				CURRENT_PROJECT_VERSION = 1;
				DEBUG_INFORMATION_FORMAT = "dwarf-with-dsym";
				ENABLE_NS_ASSERTIONS = NO;
				ENABLE_STRICT_OBJC_MSGSEND = YES;
				GCC_C_LANGUAGE_STANDARD = gnu11;
				GCC_NO_COMMON_BLOCKS = YES;
				GCC_WARN_64_TO_32_BIT_CONVERSION = YES;
				GCC_WARN_ABOUT_RETURN_TYPE = YES_ERROR;
				GCC_WARN_UNDECLARED_SELECTOR = YES;
				GCC_WARN_UNINITIALIZED_AUTOS = YES_AGGRESSIVE;
				GCC_WARN_UNUSED_FUNCTION = YES;
				GCC_WARN_UNUSED_VARIABLE = YES;
				MACOSX_DEPLOYMENT_TARGET = 12.6;
				MTL_ENABLE_DEBUG_INFO = NO;
				MTL_FAST_MATH = YES;
				SDKROOT = macosx;
				SWIFT_COMPILATION_MODE = wholemodule;
				SWIFT_OPTIMIZATION_LEVEL = "-O";
				VERSIONING_SYSTEM = "apple-generic";
				VERSION_INFO_PREFIX = "";
			};
			name = Release;
		};
		25FD7EA52955AE2B0080CA69 /* Debug */ = {
			isa = XCBuildConfiguration;
			buildSettings = {
				CODE_SIGN_STYLE = Automatic;
				COMBINE_HIDPI_IMAGES = YES;
				CURRENT_PROJECT_VERSION = 1;
				DEFINES_MODULE = YES;
				DEVELOPMENT_TEAM = 93RW74SNFB;
				DYLIB_COMPATIBILITY_VERSION = 1;
				DYLIB_CURRENT_VERSION = 1;
				DYLIB_INSTALL_NAME_BASE = "@rpath";
				GENERATE_INFOPLIST_FILE = YES;
				INFOPLIST_KEY_NSHumanReadableCopyright = "";
				INSTALL_PATH = "$(LOCAL_LIBRARY_DIR)/Frameworks";
				LD_RUNPATH_SEARCH_PATHS = (
					"$(inherited)",
					"@executable_path/../Frameworks",
					"@loader_path/Frameworks",
				);
				MARKETING_VERSION = 1.0;
				PRODUCT_BUNDLE_IDENTIFIER = es.jorgifumi.EssentialFeed;
				PRODUCT_NAME = "$(TARGET_NAME:c99extidentifier)";
				SKIP_INSTALL = YES;
				SWIFT_EMIT_LOC_STRINGS = YES;
				SWIFT_VERSION = 5.0;
			};
			name = Debug;
		};
		25FD7EA62955AE2B0080CA69 /* Release */ = {
			isa = XCBuildConfiguration;
			buildSettings = {
				CODE_SIGN_STYLE = Automatic;
				COMBINE_HIDPI_IMAGES = YES;
				CURRENT_PROJECT_VERSION = 1;
				DEFINES_MODULE = YES;
				DEVELOPMENT_TEAM = 93RW74SNFB;
				DYLIB_COMPATIBILITY_VERSION = 1;
				DYLIB_CURRENT_VERSION = 1;
				DYLIB_INSTALL_NAME_BASE = "@rpath";
				GENERATE_INFOPLIST_FILE = YES;
				INFOPLIST_KEY_NSHumanReadableCopyright = "";
				INSTALL_PATH = "$(LOCAL_LIBRARY_DIR)/Frameworks";
				LD_RUNPATH_SEARCH_PATHS = (
					"$(inherited)",
					"@executable_path/../Frameworks",
					"@loader_path/Frameworks",
				);
				MARKETING_VERSION = 1.0;
				PRODUCT_BUNDLE_IDENTIFIER = es.jorgifumi.EssentialFeed;
				PRODUCT_NAME = "$(TARGET_NAME:c99extidentifier)";
				SKIP_INSTALL = YES;
				SWIFT_EMIT_LOC_STRINGS = YES;
				SWIFT_VERSION = 5.0;
			};
			name = Release;
		};
		25FD7EA82955AE2B0080CA69 /* Debug */ = {
			isa = XCBuildConfiguration;
			buildSettings = {
				ALWAYS_EMBED_SWIFT_STANDARD_LIBRARIES = YES;
				CODE_SIGN_STYLE = Automatic;
				CURRENT_PROJECT_VERSION = 1;
				DEVELOPMENT_TEAM = 93RW74SNFB;
				GENERATE_INFOPLIST_FILE = YES;
				MARKETING_VERSION = 1.0;
				PRODUCT_BUNDLE_IDENTIFIER = es.jorgifumi.EssentialFeedTests;
				PRODUCT_NAME = "$(TARGET_NAME)";
				SWIFT_EMIT_LOC_STRINGS = NO;
				SWIFT_VERSION = 5.0;
			};
			name = Debug;
		};
		25FD7EA92955AE2B0080CA69 /* Release */ = {
			isa = XCBuildConfiguration;
			buildSettings = {
				ALWAYS_EMBED_SWIFT_STANDARD_LIBRARIES = YES;
				CODE_SIGN_STYLE = Automatic;
				CURRENT_PROJECT_VERSION = 1;
				DEVELOPMENT_TEAM = 93RW74SNFB;
				GENERATE_INFOPLIST_FILE = YES;
				MARKETING_VERSION = 1.0;
				PRODUCT_BUNDLE_IDENTIFIER = es.jorgifumi.EssentialFeedTests;
				PRODUCT_NAME = "$(TARGET_NAME)";
				SWIFT_EMIT_LOC_STRINGS = NO;
				SWIFT_VERSION = 5.0;
			};
			name = Release;
		};
		25FD7ECA295CA37C0080CA69 /* Debug */ = {
			isa = XCBuildConfiguration;
			buildSettings = {
				CODE_SIGN_STYLE = Automatic;
				CURRENT_PROJECT_VERSION = 1;
				DEVELOPMENT_TEAM = 93RW74SNFB;
				GENERATE_INFOPLIST_FILE = YES;
				MARKETING_VERSION = 1.0;
				PRODUCT_BUNDLE_IDENTIFIER = es.jorgifumi.EssentialFeedAPIEndToEndTests;
				PRODUCT_NAME = "$(TARGET_NAME)";
				SWIFT_EMIT_LOC_STRINGS = NO;
				SWIFT_VERSION = 5.0;
			};
			name = Debug;
		};
		25FD7ECB295CA37C0080CA69 /* Release */ = {
			isa = XCBuildConfiguration;
			buildSettings = {
				CODE_SIGN_STYLE = Automatic;
				CURRENT_PROJECT_VERSION = 1;
				DEVELOPMENT_TEAM = 93RW74SNFB;
				GENERATE_INFOPLIST_FILE = YES;
				MARKETING_VERSION = 1.0;
				PRODUCT_BUNDLE_IDENTIFIER = es.jorgifumi.EssentialFeedAPIEndToEndTests;
				PRODUCT_NAME = "$(TARGET_NAME)";
				SWIFT_EMIT_LOC_STRINGS = NO;
				SWIFT_VERSION = 5.0;
			};
			name = Release;
		};
/* End XCBuildConfiguration section */

/* Begin XCConfigurationList section */
		2537F5A72976C7B400524198 /* Build configuration list for PBXNativeTarget "EssentialFeedCacheIntegrationTests" */ = {
			isa = XCConfigurationList;
			buildConfigurations = (
				2537F5A82976C7B400524198 /* Debug */,
				2537F5A92976C7B400524198 /* Release */,
			);
			defaultConfigurationIsVisible = 0;
			defaultConfigurationName = Release;
		};
		25FD7E8A2955AE2A0080CA69 /* Build configuration list for PBXProject "EssentialFeed" */ = {
			isa = XCConfigurationList;
			buildConfigurations = (
				25FD7EA22955AE2B0080CA69 /* Debug */,
				25FD7EA32955AE2B0080CA69 /* Release */,
			);
			defaultConfigurationIsVisible = 0;
			defaultConfigurationName = Release;
		};
		25FD7EA42955AE2B0080CA69 /* Build configuration list for PBXNativeTarget "EssentialFeed" */ = {
			isa = XCConfigurationList;
			buildConfigurations = (
				25FD7EA52955AE2B0080CA69 /* Debug */,
				25FD7EA62955AE2B0080CA69 /* Release */,
			);
			defaultConfigurationIsVisible = 0;
			defaultConfigurationName = Release;
		};
		25FD7EA72955AE2B0080CA69 /* Build configuration list for PBXNativeTarget "EssentialFeedTests" */ = {
			isa = XCConfigurationList;
			buildConfigurations = (
				25FD7EA82955AE2B0080CA69 /* Debug */,
				25FD7EA92955AE2B0080CA69 /* Release */,
			);
			defaultConfigurationIsVisible = 0;
			defaultConfigurationName = Release;
		};
		25FD7EC9295CA37C0080CA69 /* Build configuration list for PBXNativeTarget "EssentialFeedAPIEndToEndTests" */ = {
			isa = XCConfigurationList;
			buildConfigurations = (
				25FD7ECA295CA37C0080CA69 /* Debug */,
				25FD7ECB295CA37C0080CA69 /* Release */,
			);
			defaultConfigurationIsVisible = 0;
			defaultConfigurationName = Release;
		};
/* End XCConfigurationList section */
	};
	rootObject = 25FD7E872955AE2A0080CA69 /* Project object */;
}
