// !$*UTF8*$!
{
	archiveVersion = 1;
	classes = {
	};
	objectVersion = 56;
	objects = {

/* Begin PBXBuildFile section */
		2500992E29C1E93500A4FFC5 /* CommentsUIIntegrationTests.swift in Sources */ = {isa = PBXBuildFile; fileRef = 2500992D29C1E93500A4FFC5 /* CommentsUIIntegrationTests.swift */; };
		2500993029C1F5B700A4FFC5 /* CommentsUIComposer.swift in Sources */ = {isa = PBXBuildFile; fileRef = 2500992F29C1F5B600A4FFC5 /* CommentsUIComposer.swift */; };
		250AE4D8299CD78E0008A0C2 /* SceneDelegateTests.swift in Sources */ = {isa = PBXBuildFile; fileRef = 250AE4D7299CD78E0008A0C2 /* SceneDelegateTests.swift */; };
		250AE4DF299CDB010008A0C2 /* LoadResourcePresentationAdapter.swift in Sources */ = {isa = PBXBuildFile; fileRef = 250AE4DA299CDB000008A0C2 /* LoadResourcePresentationAdapter.swift */; };
		250AE4E1299CDB010008A0C2 /* FeedViewAdapter.swift in Sources */ = {isa = PBXBuildFile; fileRef = 250AE4DC299CDB000008A0C2 /* FeedViewAdapter.swift */; };
		250AE4E2299CDB010008A0C2 /* WeakRefVirtualProxy.swift in Sources */ = {isa = PBXBuildFile; fileRef = 250AE4D9299CDB000008A0C2 /* WeakRefVirtualProxy.swift */; };
		250AE4E4299CDB010008A0C2 /* FeedUIComposer.swift in Sources */ = {isa = PBXBuildFile; fileRef = 250AE4DB299CDB000008A0C2 /* FeedUIComposer.swift */; };
		250AE4EE299CDB500008A0C2 /* FeedViewController+TestHelpers.swift in Sources */ = {isa = PBXBuildFile; fileRef = 250AE4E6299CDB4E0008A0C2 /* FeedViewController+TestHelpers.swift */; };
		250AE4EF299CDB500008A0C2 /* UIControl+TestHelpers.swift in Sources */ = {isa = PBXBuildFile; fileRef = 250AE4E8299CDB4F0008A0C2 /* UIControl+TestHelpers.swift */; };
		250AE4F0299CDB500008A0C2 /* FeedViewControllerTests+Assertions.swift in Sources */ = {isa = PBXBuildFile; fileRef = 250AE4EB299CDB4F0008A0C2 /* FeedViewControllerTests+Assertions.swift */; };
		250AE4F2299CDB500008A0C2 /* UIRefreshControl+TestHelpers.swift in Sources */ = {isa = PBXBuildFile; fileRef = 250AE4E7299CDB4F0008A0C2 /* UIRefreshControl+TestHelpers.swift */; };
		250AE4F3299CDB500008A0C2 /* FeedImageCell+TestHelpers.swift in Sources */ = {isa = PBXBuildFile; fileRef = 250AE4E5299CDB4E0008A0C2 /* FeedImageCell+TestHelpers.swift */; };
		250AE4F4299CDB500008A0C2 /* UIImage+TestHelpers.swift in Sources */ = {isa = PBXBuildFile; fileRef = 250AE4ED299CDB500008A0C2 /* UIImage+TestHelpers.swift */; };
		250AE4F5299CDB500008A0C2 /* FeedViewControllerTests+LoaderSpy.swift in Sources */ = {isa = PBXBuildFile; fileRef = 250AE4E9299CDB4F0008A0C2 /* FeedViewControllerTests+LoaderSpy.swift */; };
		250AE4F6299CDB500008A0C2 /* UIButton+TestHelpers.swift in Sources */ = {isa = PBXBuildFile; fileRef = 250AE4EA299CDB4F0008A0C2 /* UIButton+TestHelpers.swift */; };
		250AE4F8299CDB810008A0C2 /* FeedUIIntegrationTests.swift in Sources */ = {isa = PBXBuildFile; fileRef = 250AE4F7299CDB810008A0C2 /* FeedUIIntegrationTests.swift */; };
		250AE4FA299CDDB80008A0C2 /* FeedAcceptanceTests.swift in Sources */ = {isa = PBXBuildFile; fileRef = 250AE4F9299CDDB80008A0C2 /* FeedAcceptanceTests.swift */; };
		251BB4AA29A37A11004C281A /* UIView+TestHelpers.swift in Sources */ = {isa = PBXBuildFile; fileRef = 251BB4A929A37A11004C281A /* UIView+TestHelpers.swift */; };
		251D617D29940AF600D440D2 /* EssentialFeed.framework in Frameworks */ = {isa = PBXBuildFile; fileRef = 251D617B29940AF600D440D2 /* EssentialFeed.framework */; };
		251D617E29940AF600D440D2 /* EssentialFeed.framework in Embed Frameworks */ = {isa = PBXBuildFile; fileRef = 251D617B29940AF600D440D2 /* EssentialFeed.framework */; settings = {ATTRIBUTES = (CodeSignOnCopy, RemoveHeadersOnCopy, ); }; };
		251D617F29940AF600D440D2 /* EssentialFeediOS.framework in Frameworks */ = {isa = PBXBuildFile; fileRef = 251D617C29940AF600D440D2 /* EssentialFeediOS.framework */; };
		251D618029940AF600D440D2 /* EssentialFeediOS.framework in Embed Frameworks */ = {isa = PBXBuildFile; fileRef = 251D617C29940AF600D440D2 /* EssentialFeediOS.framework */; settings = {ATTRIBUTES = (CodeSignOnCopy, RemoveHeadersOnCopy, ); }; };
		251D618C2996588B00D440D2 /* XCTestCase+MemoryLeakTracking.swift in Sources */ = {isa = PBXBuildFile; fileRef = 251D618B2996588B00D440D2 /* XCTestCase+MemoryLeakTracking.swift */; };
		251D618E2996596A00D440D2 /* SharedTestHelpers.swift in Sources */ = {isa = PBXBuildFile; fileRef = 251D618D2996596A00D440D2 /* SharedTestHelpers.swift */; };
		25636FFE299406D7008759D5 /* AppDelegate.swift in Sources */ = {isa = PBXBuildFile; fileRef = 25636FFD299406D7008759D5 /* AppDelegate.swift */; };
		25637000299406D7008759D5 /* SceneDelegate.swift in Sources */ = {isa = PBXBuildFile; fileRef = 25636FFF299406D7008759D5 /* SceneDelegate.swift */; };
		25637007299406D9008759D5 /* Assets.xcassets in Resources */ = {isa = PBXBuildFile; fileRef = 25637006299406D9008759D5 /* Assets.xcassets */; };
		2563700A299406D9008759D5 /* LaunchScreen.storyboard in Resources */ = {isa = PBXBuildFile; fileRef = 25637008299406D9008759D5 /* LaunchScreen.storyboard */; };
		2584B6B2299CF451003E952E /* HTTPClientStub.swift in Sources */ = {isa = PBXBuildFile; fileRef = 2584B6B1299CF451003E952E /* HTTPClientStub.swift */; };
		2584B6B4299CF4DF003E952E /* InMemoryFeedStore.swift in Sources */ = {isa = PBXBuildFile; fileRef = 2584B6B3299CF4DF003E952E /* InMemoryFeedStore.swift */; };
		25A9B04029A4EE7E006C9BD7 /* CombineHelpers.swift in Sources */ = {isa = PBXBuildFile; fileRef = 25A9B03F29A4EE7E006C9BD7 /* CombineHelpers.swift */; };
/* End PBXBuildFile section */

/* Begin PBXContainerItemProxy section */
		25637011299406DA008759D5 /* PBXContainerItemProxy */ = {
			isa = PBXContainerItemProxy;
			containerPortal = 25636FF2299406D6008759D5 /* Project object */;
			proxyType = 1;
			remoteGlobalIDString = 25636FF9299406D7008759D5;
			remoteInfo = EssentialApp;
		};
/* End PBXContainerItemProxy section */

/* Begin PBXCopyFilesBuildPhase section */
		251D618129940AF600D440D2 /* Embed Frameworks */ = {
			isa = PBXCopyFilesBuildPhase;
			buildActionMask = 2147483647;
			dstPath = "";
			dstSubfolderSpec = 10;
			files = (
				251D617E29940AF600D440D2 /* EssentialFeed.framework in Embed Frameworks */,
				251D618029940AF600D440D2 /* EssentialFeediOS.framework in Embed Frameworks */,
			);
			name = "Embed Frameworks";
			runOnlyForDeploymentPostprocessing = 0;
		};
/* End PBXCopyFilesBuildPhase section */

/* Begin PBXFileReference section */
		2500992D29C1E93500A4FFC5 /* CommentsUIIntegrationTests.swift */ = {isa = PBXFileReference; lastKnownFileType = sourcecode.swift; path = CommentsUIIntegrationTests.swift; sourceTree = "<group>"; };
		2500992F29C1F5B600A4FFC5 /* CommentsUIComposer.swift */ = {isa = PBXFileReference; lastKnownFileType = sourcecode.swift; path = CommentsUIComposer.swift; sourceTree = "<group>"; };
		250AE4D7299CD78E0008A0C2 /* SceneDelegateTests.swift */ = {isa = PBXFileReference; lastKnownFileType = sourcecode.swift; path = SceneDelegateTests.swift; sourceTree = "<group>"; };
		250AE4D9299CDB000008A0C2 /* WeakRefVirtualProxy.swift */ = {isa = PBXFileReference; lastKnownFileType = sourcecode.swift; path = WeakRefVirtualProxy.swift; sourceTree = "<group>"; };
		250AE4DA299CDB000008A0C2 /* LoadResourcePresentationAdapter.swift */ = {isa = PBXFileReference; lastKnownFileType = sourcecode.swift; path = LoadResourcePresentationAdapter.swift; sourceTree = "<group>"; };
		250AE4DB299CDB000008A0C2 /* FeedUIComposer.swift */ = {isa = PBXFileReference; lastKnownFileType = sourcecode.swift; path = FeedUIComposer.swift; sourceTree = "<group>"; };
		250AE4DC299CDB000008A0C2 /* FeedViewAdapter.swift */ = {isa = PBXFileReference; lastKnownFileType = sourcecode.swift; path = FeedViewAdapter.swift; sourceTree = "<group>"; };
		250AE4E5299CDB4E0008A0C2 /* FeedImageCell+TestHelpers.swift */ = {isa = PBXFileReference; lastKnownFileType = sourcecode.swift; path = "FeedImageCell+TestHelpers.swift"; sourceTree = "<group>"; };
		250AE4E6299CDB4E0008A0C2 /* FeedViewController+TestHelpers.swift */ = {isa = PBXFileReference; lastKnownFileType = sourcecode.swift; path = "FeedViewController+TestHelpers.swift"; sourceTree = "<group>"; };
		250AE4E7299CDB4F0008A0C2 /* UIRefreshControl+TestHelpers.swift */ = {isa = PBXFileReference; lastKnownFileType = sourcecode.swift; path = "UIRefreshControl+TestHelpers.swift"; sourceTree = "<group>"; };
		250AE4E8299CDB4F0008A0C2 /* UIControl+TestHelpers.swift */ = {isa = PBXFileReference; lastKnownFileType = sourcecode.swift; path = "UIControl+TestHelpers.swift"; sourceTree = "<group>"; };
		250AE4E9299CDB4F0008A0C2 /* FeedViewControllerTests+LoaderSpy.swift */ = {isa = PBXFileReference; lastKnownFileType = sourcecode.swift; path = "FeedViewControllerTests+LoaderSpy.swift"; sourceTree = "<group>"; };
		250AE4EA299CDB4F0008A0C2 /* UIButton+TestHelpers.swift */ = {isa = PBXFileReference; lastKnownFileType = sourcecode.swift; path = "UIButton+TestHelpers.swift"; sourceTree = "<group>"; };
		250AE4EB299CDB4F0008A0C2 /* FeedViewControllerTests+Assertions.swift */ = {isa = PBXFileReference; lastKnownFileType = sourcecode.swift; path = "FeedViewControllerTests+Assertions.swift"; sourceTree = "<group>"; };
		250AE4ED299CDB500008A0C2 /* UIImage+TestHelpers.swift */ = {isa = PBXFileReference; lastKnownFileType = sourcecode.swift; path = "UIImage+TestHelpers.swift"; sourceTree = "<group>"; };
		250AE4F7299CDB810008A0C2 /* FeedUIIntegrationTests.swift */ = {isa = PBXFileReference; lastKnownFileType = sourcecode.swift; path = FeedUIIntegrationTests.swift; sourceTree = "<group>"; };
		250AE4F9299CDDB80008A0C2 /* FeedAcceptanceTests.swift */ = {isa = PBXFileReference; lastKnownFileType = sourcecode.swift; path = FeedAcceptanceTests.swift; sourceTree = "<group>"; };
		251BB4A929A37A11004C281A /* UIView+TestHelpers.swift */ = {isa = PBXFileReference; lastKnownFileType = sourcecode.swift; path = "UIView+TestHelpers.swift"; sourceTree = "<group>"; };
		251D617B29940AF600D440D2 /* EssentialFeed.framework */ = {isa = PBXFileReference; explicitFileType = wrapper.framework; path = EssentialFeed.framework; sourceTree = BUILT_PRODUCTS_DIR; };
		251D617C29940AF600D440D2 /* EssentialFeediOS.framework */ = {isa = PBXFileReference; explicitFileType = wrapper.framework; path = EssentialFeediOS.framework; sourceTree = BUILT_PRODUCTS_DIR; };
		251D618B2996588B00D440D2 /* XCTestCase+MemoryLeakTracking.swift */ = {isa = PBXFileReference; lastKnownFileType = sourcecode.swift; path = "XCTestCase+MemoryLeakTracking.swift"; sourceTree = "<group>"; };
		251D618D2996596A00D440D2 /* SharedTestHelpers.swift */ = {isa = PBXFileReference; lastKnownFileType = sourcecode.swift; path = SharedTestHelpers.swift; sourceTree = "<group>"; };
		25636FFA299406D7008759D5 /* EssentialApp.app */ = {isa = PBXFileReference; explicitFileType = wrapper.application; includeInIndex = 0; path = EssentialApp.app; sourceTree = BUILT_PRODUCTS_DIR; };
		25636FFD299406D7008759D5 /* AppDelegate.swift */ = {isa = PBXFileReference; lastKnownFileType = sourcecode.swift; path = AppDelegate.swift; sourceTree = "<group>"; };
		25636FFF299406D7008759D5 /* SceneDelegate.swift */ = {isa = PBXFileReference; lastKnownFileType = sourcecode.swift; path = SceneDelegate.swift; sourceTree = "<group>"; };
		25637006299406D9008759D5 /* Assets.xcassets */ = {isa = PBXFileReference; lastKnownFileType = folder.assetcatalog; path = Assets.xcassets; sourceTree = "<group>"; };
		25637009299406D9008759D5 /* Base */ = {isa = PBXFileReference; lastKnownFileType = file.storyboard; name = Base; path = Base.lproj/LaunchScreen.storyboard; sourceTree = "<group>"; };
		2563700B299406D9008759D5 /* Info.plist */ = {isa = PBXFileReference; lastKnownFileType = text.plist.xml; path = Info.plist; sourceTree = "<group>"; };
		25637010299406DA008759D5 /* EssentialAppTests.xctest */ = {isa = PBXFileReference; explicitFileType = wrapper.cfbundle; includeInIndex = 0; path = EssentialAppTests.xctest; sourceTree = BUILT_PRODUCTS_DIR; };
		2584B6B1299CF451003E952E /* HTTPClientStub.swift */ = {isa = PBXFileReference; lastKnownFileType = sourcecode.swift; path = HTTPClientStub.swift; sourceTree = "<group>"; };
		2584B6B3299CF4DF003E952E /* InMemoryFeedStore.swift */ = {isa = PBXFileReference; lastKnownFileType = sourcecode.swift; path = InMemoryFeedStore.swift; sourceTree = "<group>"; };
		25A9B03F29A4EE7E006C9BD7 /* CombineHelpers.swift */ = {isa = PBXFileReference; lastKnownFileType = sourcecode.swift; path = CombineHelpers.swift; sourceTree = "<group>"; };
/* End PBXFileReference section */

/* Begin PBXFrameworksBuildPhase section */
		25636FF7299406D7008759D5 /* Frameworks */ = {
			isa = PBXFrameworksBuildPhase;
			buildActionMask = 2147483647;
			files = (
				251D617D29940AF600D440D2 /* EssentialFeed.framework in Frameworks */,
				251D617F29940AF600D440D2 /* EssentialFeediOS.framework in Frameworks */,
			);
			runOnlyForDeploymentPostprocessing = 0;
		};
		2563700D299406DA008759D5 /* Frameworks */ = {
			isa = PBXFrameworksBuildPhase;
			buildActionMask = 2147483647;
			files = (
			);
			runOnlyForDeploymentPostprocessing = 0;
		};
/* End PBXFrameworksBuildPhase section */

/* Begin PBXGroup section */
		251D617A29940AF600D440D2 /* Frameworks */ = {
			isa = PBXGroup;
			children = (
				251D617B29940AF600D440D2 /* EssentialFeed.framework */,
				251D617C29940AF600D440D2 /* EssentialFeediOS.framework */,
			);
			name = Frameworks;
			sourceTree = "<group>";
		};
		251D618A2996587800D440D2 /* Helpers */ = {
			isa = PBXGroup;
			children = (
				250AE4ED299CDB500008A0C2 /* UIImage+TestHelpers.swift */,
				250AE4E7299CDB4F0008A0C2 /* UIRefreshControl+TestHelpers.swift */,
				250AE4EA299CDB4F0008A0C2 /* UIButton+TestHelpers.swift */,
				250AE4E8299CDB4F0008A0C2 /* UIControl+TestHelpers.swift */,
				250AE4E6299CDB4E0008A0C2 /* FeedViewController+TestHelpers.swift */,
				250AE4E5299CDB4E0008A0C2 /* FeedImageCell+TestHelpers.swift */,
				250AE4E9299CDB4F0008A0C2 /* FeedViewControllerTests+LoaderSpy.swift */,
				250AE4EB299CDB4F0008A0C2 /* FeedViewControllerTests+Assertions.swift */,
				251D618B2996588B00D440D2 /* XCTestCase+MemoryLeakTracking.swift */,
				251D618D2996596A00D440D2 /* SharedTestHelpers.swift */,
				2584B6B1299CF451003E952E /* HTTPClientStub.swift */,
				2584B6B3299CF4DF003E952E /* InMemoryFeedStore.swift */,
				251BB4A929A37A11004C281A /* UIView+TestHelpers.swift */,
			);
			path = Helpers;
			sourceTree = "<group>";
		};
		25636FF1299406D6008759D5 = {
			isa = PBXGroup;
			children = (
				25636FFC299406D7008759D5 /* EssentialApp */,
				25637013299406DA008759D5 /* EssentialAppTests */,
				25636FFB299406D7008759D5 /* Products */,
				251D617A29940AF600D440D2 /* Frameworks */,
			);
			sourceTree = "<group>";
		};
		25636FFB299406D7008759D5 /* Products */ = {
			isa = PBXGroup;
			children = (
				25636FFA299406D7008759D5 /* EssentialApp.app */,
				25637010299406DA008759D5 /* EssentialAppTests.xctest */,
			);
			name = Products;
			sourceTree = "<group>";
		};
		25636FFC299406D7008759D5 /* EssentialApp */ = {
			isa = PBXGroup;
			children = (
				25636FFD299406D7008759D5 /* AppDelegate.swift */,
				25636FFF299406D7008759D5 /* SceneDelegate.swift */,
				25A9B03F29A4EE7E006C9BD7 /* CombineHelpers.swift */,
				250AE4DB299CDB000008A0C2 /* FeedUIComposer.swift */,
				2500992F29C1F5B600A4FFC5 /* CommentsUIComposer.swift */,
				250AE4D9299CDB000008A0C2 /* WeakRefVirtualProxy.swift */,
				250AE4DA299CDB000008A0C2 /* LoadResourcePresentationAdapter.swift */,
				250AE4DC299CDB000008A0C2 /* FeedViewAdapter.swift */,
				25637006299406D9008759D5 /* Assets.xcassets */,
				25637008299406D9008759D5 /* LaunchScreen.storyboard */,
				2563700B299406D9008759D5 /* Info.plist */,
			);
			path = EssentialApp;
			sourceTree = "<group>";
		};
		25637013299406DA008759D5 /* EssentialAppTests */ = {
			isa = PBXGroup;
			children = (
				251D618A2996587800D440D2 /* Helpers */,
				250AE4D7299CD78E0008A0C2 /* SceneDelegateTests.swift */,
				250AE4F7299CDB810008A0C2 /* FeedUIIntegrationTests.swift */,
				250AE4F9299CDDB80008A0C2 /* FeedAcceptanceTests.swift */,
				2500992D29C1E93500A4FFC5 /* CommentsUIIntegrationTests.swift */,
			);
			path = EssentialAppTests;
			sourceTree = "<group>";
		};
/* End PBXGroup section */

/* Begin PBXNativeTarget section */
		25636FF9299406D7008759D5 /* EssentialApp */ = {
			isa = PBXNativeTarget;
			buildConfigurationList = 25637024299406DA008759D5 /* Build configuration list for PBXNativeTarget "EssentialApp" */;
			buildPhases = (
				25636FF6299406D7008759D5 /* Sources */,
				25636FF7299406D7008759D5 /* Frameworks */,
				25636FF8299406D7008759D5 /* Resources */,
				251D618129940AF600D440D2 /* Embed Frameworks */,
			);
			buildRules = (
			);
			dependencies = (
			);
			name = EssentialApp;
			productName = EssentialApp;
			productReference = 25636FFA299406D7008759D5 /* EssentialApp.app */;
			productType = "com.apple.product-type.application";
		};
		2563700F299406DA008759D5 /* EssentialAppTests */ = {
			isa = PBXNativeTarget;
			buildConfigurationList = 25637027299406DA008759D5 /* Build configuration list for PBXNativeTarget "EssentialAppTests" */;
			buildPhases = (
				2563700C299406DA008759D5 /* Sources */,
				2563700D299406DA008759D5 /* Frameworks */,
				2563700E299406DA008759D5 /* Resources */,
			);
			buildRules = (
			);
			dependencies = (
				25637012299406DA008759D5 /* PBXTargetDependency */,
			);
			name = EssentialAppTests;
			productName = EssentialAppTests;
			productReference = 25637010299406DA008759D5 /* EssentialAppTests.xctest */;
			productType = "com.apple.product-type.bundle.unit-test";
		};
/* End PBXNativeTarget section */

/* Begin PBXProject section */
		25636FF2299406D6008759D5 /* Project object */ = {
			isa = PBXProject;
			attributes = {
				BuildIndependentTargetsInParallel = 1;
				LastSwiftUpdateCheck = 1420;
				LastUpgradeCheck = 1420;
				TargetAttributes = {
					25636FF9299406D7008759D5 = {
						CreatedOnToolsVersion = 14.2;
					};
					2563700F299406DA008759D5 = {
						CreatedOnToolsVersion = 14.2;
						LastSwiftMigration = 1420;
						TestTargetID = 25636FF9299406D7008759D5;
					};
				};
			};
			buildConfigurationList = 25636FF5299406D6008759D5 /* Build configuration list for PBXProject "EssentialApp" */;
			compatibilityVersion = "Xcode 14.0";
			developmentRegion = en;
			hasScannedForEncodings = 0;
			knownRegions = (
				en,
				Base,
			);
			mainGroup = 25636FF1299406D6008759D5;
			productRefGroup = 25636FFB299406D7008759D5 /* Products */;
			projectDirPath = "";
			projectRoot = "";
			targets = (
				25636FF9299406D7008759D5 /* EssentialApp */,
				2563700F299406DA008759D5 /* EssentialAppTests */,
			);
		};
/* End PBXProject section */

/* Begin PBXResourcesBuildPhase section */
		25636FF8299406D7008759D5 /* Resources */ = {
			isa = PBXResourcesBuildPhase;
			buildActionMask = 2147483647;
			files = (
				2563700A299406D9008759D5 /* LaunchScreen.storyboard in Resources */,
				25637007299406D9008759D5 /* Assets.xcassets in Resources */,
			);
			runOnlyForDeploymentPostprocessing = 0;
		};
		2563700E299406DA008759D5 /* Resources */ = {
			isa = PBXResourcesBuildPhase;
			buildActionMask = 2147483647;
			files = (
			);
			runOnlyForDeploymentPostprocessing = 0;
		};
/* End PBXResourcesBuildPhase section */

/* Begin PBXSourcesBuildPhase section */
		25636FF6299406D7008759D5 /* Sources */ = {
			isa = PBXSourcesBuildPhase;
			buildActionMask = 2147483647;
			files = (
				250AE4E2299CDB010008A0C2 /* WeakRefVirtualProxy.swift in Sources */,
				25636FFE299406D7008759D5 /* AppDelegate.swift in Sources */,
				250AE4E1299CDB010008A0C2 /* FeedViewAdapter.swift in Sources */,
				250AE4E4299CDB010008A0C2 /* FeedUIComposer.swift in Sources */,
				25637000299406D7008759D5 /* SceneDelegate.swift in Sources */,
				250AE4DF299CDB010008A0C2 /* LoadResourcePresentationAdapter.swift in Sources */,
				25A9B04029A4EE7E006C9BD7 /* CombineHelpers.swift in Sources */,
				2500993029C1F5B700A4FFC5 /* CommentsUIComposer.swift in Sources */,
			);
			runOnlyForDeploymentPostprocessing = 0;
		};
		2563700C299406DA008759D5 /* Sources */ = {
			isa = PBXSourcesBuildPhase;
			buildActionMask = 2147483647;
			files = (
				251D618E2996596A00D440D2 /* SharedTestHelpers.swift in Sources */,
				250AE4F6299CDB500008A0C2 /* UIButton+TestHelpers.swift in Sources */,
				2500992E29C1E93500A4FFC5 /* CommentsUIIntegrationTests.swift in Sources */,
				250AE4EF299CDB500008A0C2 /* UIControl+TestHelpers.swift in Sources */,
				250AE4F0299CDB500008A0C2 /* FeedViewControllerTests+Assertions.swift in Sources */,
				250AE4EE299CDB500008A0C2 /* FeedViewController+TestHelpers.swift in Sources */,
				250AE4D8299CD78E0008A0C2 /* SceneDelegateTests.swift in Sources */,
				2584B6B4299CF4DF003E952E /* InMemoryFeedStore.swift in Sources */,
				250AE4F4299CDB500008A0C2 /* UIImage+TestHelpers.swift in Sources */,
				2584B6B2299CF451003E952E /* HTTPClientStub.swift in Sources */,
				250AE4F3299CDB500008A0C2 /* FeedImageCell+TestHelpers.swift in Sources */,
				251BB4AA29A37A11004C281A /* UIView+TestHelpers.swift in Sources */,
				250AE4F2299CDB500008A0C2 /* UIRefreshControl+TestHelpers.swift in Sources */,
				250AE4FA299CDDB80008A0C2 /* FeedAcceptanceTests.swift in Sources */,
				251D618C2996588B00D440D2 /* XCTestCase+MemoryLeakTracking.swift in Sources */,
				250AE4F8299CDB810008A0C2 /* FeedUIIntegrationTests.swift in Sources */,
				250AE4F5299CDB500008A0C2 /* FeedViewControllerTests+LoaderSpy.swift in Sources */,
			);
			runOnlyForDeploymentPostprocessing = 0;
		};
/* End PBXSourcesBuildPhase section */

/* Begin PBXTargetDependency section */
		25637012299406DA008759D5 /* PBXTargetDependency */ = {
			isa = PBXTargetDependency;
			target = 25636FF9299406D7008759D5 /* EssentialApp */;
			targetProxy = 25637011299406DA008759D5 /* PBXContainerItemProxy */;
		};
/* End PBXTargetDependency section */

/* Begin PBXVariantGroup section */
		25637008299406D9008759D5 /* LaunchScreen.storyboard */ = {
			isa = PBXVariantGroup;
			children = (
				25637009299406D9008759D5 /* Base */,
			);
			name = LaunchScreen.storyboard;
			sourceTree = "<group>";
		};
/* End PBXVariantGroup section */

/* Begin XCBuildConfiguration section */
		25637022299406DA008759D5 /* Debug */ = {
			isa = XCBuildConfiguration;
			buildSettings = {
				ALWAYS_SEARCH_USER_PATHS = NO;
				CLANG_ANALYZER_NONNULL = YES;
				CLANG_ANALYZER_NUMBER_OBJECT_CONVERSION = YES_AGGRESSIVE;
				CLANG_CXX_LANGUAGE_STANDARD = "gnu++20";
				CLANG_ENABLE_MODULES = YES;
				CLANG_ENABLE_OBJC_ARC = YES;
				CLANG_ENABLE_OBJC_WEAK = YES;
				CLANG_WARN_BLOCK_CAPTURE_AUTORELEASING = YES;
				CLANG_WARN_BOOL_CONVERSION = YES;
				CLANG_WARN_COMMA = YES;
				CLANG_WARN_CONSTANT_CONVERSION = YES;
				CLANG_WARN_DEPRECATED_OBJC_IMPLEMENTATIONS = YES;
				CLANG_WARN_DIRECT_OBJC_ISA_USAGE = YES_ERROR;
				CLANG_WARN_DOCUMENTATION_COMMENTS = YES;
				CLANG_WARN_EMPTY_BODY = YES;
				CLANG_WARN_ENUM_CONVERSION = YES;
				CLANG_WARN_INFINITE_RECURSION = YES;
				CLANG_WARN_INT_CONVERSION = YES;
				CLANG_WARN_NON_LITERAL_NULL_CONVERSION = YES;
				CLANG_WARN_OBJC_IMPLICIT_RETAIN_SELF = YES;
				CLANG_WARN_OBJC_LITERAL_CONVERSION = YES;
				CLANG_WARN_OBJC_ROOT_CLASS = YES_ERROR;
				CLANG_WARN_QUOTED_INCLUDE_IN_FRAMEWORK_HEADER = YES;
				CLANG_WARN_RANGE_LOOP_ANALYSIS = YES;
				CLANG_WARN_STRICT_PROTOTYPES = YES;
				CLANG_WARN_SUSPICIOUS_MOVE = YES;
				CLANG_WARN_UNGUARDED_AVAILABILITY = YES_AGGRESSIVE;
				CLANG_WARN_UNREACHABLE_CODE = YES;
				CLANG_WARN__DUPLICATE_METHOD_MATCH = YES;
				COPY_PHASE_STRIP = NO;
				DEBUG_INFORMATION_FORMAT = dwarf;
				ENABLE_STRICT_OBJC_MSGSEND = YES;
				ENABLE_TESTABILITY = YES;
				GCC_C_LANGUAGE_STANDARD = gnu11;
				GCC_DYNAMIC_NO_PIC = NO;
				GCC_NO_COMMON_BLOCKS = YES;
				GCC_OPTIMIZATION_LEVEL = 0;
				GCC_PREPROCESSOR_DEFINITIONS = (
					"DEBUG=1",
					"$(inherited)",
				);
				GCC_WARN_64_TO_32_BIT_CONVERSION = YES;
				GCC_WARN_ABOUT_RETURN_TYPE = YES_ERROR;
				GCC_WARN_UNDECLARED_SELECTOR = YES;
				GCC_WARN_UNINITIALIZED_AUTOS = YES_AGGRESSIVE;
				GCC_WARN_UNUSED_FUNCTION = YES;
				GCC_WARN_UNUSED_VARIABLE = YES;
				IPHONEOS_DEPLOYMENT_TARGET = 16.2;
				MTL_ENABLE_DEBUG_INFO = INCLUDE_SOURCE;
				MTL_FAST_MATH = YES;
				ONLY_ACTIVE_ARCH = YES;
				SDKROOT = iphoneos;
				SWIFT_ACTIVE_COMPILATION_CONDITIONS = DEBUG;
				SWIFT_OPTIMIZATION_LEVEL = "-Onone";
			};
			name = Debug;
		};
		25637023299406DA008759D5 /* Release */ = {
			isa = XCBuildConfiguration;
			buildSettings = {
				ALWAYS_SEARCH_USER_PATHS = NO;
				CLANG_ANALYZER_NONNULL = YES;
				CLANG_ANALYZER_NUMBER_OBJECT_CONVERSION = YES_AGGRESSIVE;
				CLANG_CXX_LANGUAGE_STANDARD = "gnu++20";
				CLANG_ENABLE_MODULES = YES;
				CLANG_ENABLE_OBJC_ARC = YES;
				CLANG_ENABLE_OBJC_WEAK = YES;
				CLANG_WARN_BLOCK_CAPTURE_AUTORELEASING = YES;
				CLANG_WARN_BOOL_CONVERSION = YES;
				CLANG_WARN_COMMA = YES;
				CLANG_WARN_CONSTANT_CONVERSION = YES;
				CLANG_WARN_DEPRECATED_OBJC_IMPLEMENTATIONS = YES;
				CLANG_WARN_DIRECT_OBJC_ISA_USAGE = YES_ERROR;
				CLANG_WARN_DOCUMENTATION_COMMENTS = YES;
				CLANG_WARN_EMPTY_BODY = YES;
				CLANG_WARN_ENUM_CONVERSION = YES;
				CLANG_WARN_INFINITE_RECURSION = YES;
				CLANG_WARN_INT_CONVERSION = YES;
				CLANG_WARN_NON_LITERAL_NULL_CONVERSION = YES;
				CLANG_WARN_OBJC_IMPLICIT_RETAIN_SELF = YES;
				CLANG_WARN_OBJC_LITERAL_CONVERSION = YES;
				CLANG_WARN_OBJC_ROOT_CLASS = YES_ERROR;
				CLANG_WARN_QUOTED_INCLUDE_IN_FRAMEWORK_HEADER = YES;
				CLANG_WARN_RANGE_LOOP_ANALYSIS = YES;
				CLANG_WARN_STRICT_PROTOTYPES = YES;
				CLANG_WARN_SUSPICIOUS_MOVE = YES;
				CLANG_WARN_UNGUARDED_AVAILABILITY = YES_AGGRESSIVE;
				CLANG_WARN_UNREACHABLE_CODE = YES;
				CLANG_WARN__DUPLICATE_METHOD_MATCH = YES;
				COPY_PHASE_STRIP = NO;
				DEBUG_INFORMATION_FORMAT = "dwarf-with-dsym";
				ENABLE_NS_ASSERTIONS = NO;
				ENABLE_STRICT_OBJC_MSGSEND = YES;
				GCC_C_LANGUAGE_STANDARD = gnu11;
				GCC_NO_COMMON_BLOCKS = YES;
				GCC_WARN_64_TO_32_BIT_CONVERSION = YES;
				GCC_WARN_ABOUT_RETURN_TYPE = YES_ERROR;
				GCC_WARN_UNDECLARED_SELECTOR = YES;
				GCC_WARN_UNINITIALIZED_AUTOS = YES_AGGRESSIVE;
				GCC_WARN_UNUSED_FUNCTION = YES;
				GCC_WARN_UNUSED_VARIABLE = YES;
				IPHONEOS_DEPLOYMENT_TARGET = 16.2;
				MTL_ENABLE_DEBUG_INFO = NO;
				MTL_FAST_MATH = YES;
				SDKROOT = iphoneos;
				SWIFT_COMPILATION_MODE = wholemodule;
				SWIFT_OPTIMIZATION_LEVEL = "-O";
				VALIDATE_PRODUCT = YES;
			};
			name = Release;
		};
		25637025299406DA008759D5 /* Debug */ = {
			isa = XCBuildConfiguration;
			buildSettings = {
				ASSETCATALOG_COMPILER_APPICON_NAME = AppIcon;
				ASSETCATALOG_COMPILER_GLOBAL_ACCENT_COLOR_NAME = AccentColor;
				CODE_SIGN_STYLE = Automatic;
				CURRENT_PROJECT_VERSION = 1;
				DEVELOPMENT_TEAM = 93RW74SNFB;
				GENERATE_INFOPLIST_FILE = YES;
				INFOPLIST_FILE = EssentialApp/Info.plist;
				INFOPLIST_KEY_UIApplicationSupportsIndirectInputEvents = YES;
				INFOPLIST_KEY_UILaunchStoryboardName = LaunchScreen;
				INFOPLIST_KEY_UIMainStoryboardFile = "";
				INFOPLIST_KEY_UISupportedInterfaceOrientations = UIInterfaceOrientationPortrait;
				LD_RUNPATH_SEARCH_PATHS = (
					"$(inherited)",
					"@executable_path/Frameworks",
				);
				MARKETING_VERSION = 1.0;
				PRODUCT_BUNDLE_IDENTIFIER = es.jorgifumi.EssentialApp;
				PRODUCT_NAME = "$(TARGET_NAME)";
				SWIFT_EMIT_LOC_STRINGS = YES;
				SWIFT_VERSION = 5.0;
				TARGETED_DEVICE_FAMILY = "1,2";
			};
			name = Debug;
		};
		25637026299406DA008759D5 /* Release */ = {
			isa = XCBuildConfiguration;
			buildSettings = {
				ASSETCATALOG_COMPILER_APPICON_NAME = AppIcon;
				ASSETCATALOG_COMPILER_GLOBAL_ACCENT_COLOR_NAME = AccentColor;
				CODE_SIGN_STYLE = Automatic;
				CURRENT_PROJECT_VERSION = 1;
				DEVELOPMENT_TEAM = 93RW74SNFB;
				GENERATE_INFOPLIST_FILE = YES;
				INFOPLIST_FILE = EssentialApp/Info.plist;
				INFOPLIST_KEY_UIApplicationSupportsIndirectInputEvents = YES;
				INFOPLIST_KEY_UILaunchStoryboardName = LaunchScreen;
				INFOPLIST_KEY_UIMainStoryboardFile = "";
				INFOPLIST_KEY_UISupportedInterfaceOrientations = UIInterfaceOrientationPortrait;
				LD_RUNPATH_SEARCH_PATHS = (
					"$(inherited)",
					"@executable_path/Frameworks",
				);
				MARKETING_VERSION = 1.0;
				PRODUCT_BUNDLE_IDENTIFIER = es.jorgifumi.EssentialApp;
				PRODUCT_NAME = "$(TARGET_NAME)";
				SWIFT_EMIT_LOC_STRINGS = YES;
				SWIFT_VERSION = 5.0;
				TARGETED_DEVICE_FAMILY = "1,2";
			};
			name = Release;
		};
		25637028299406DA008759D5 /* Debug */ = {
			isa = XCBuildConfiguration;
			buildSettings = {
				ALWAYS_EMBED_SWIFT_STANDARD_LIBRARIES = YES;
				BUNDLE_LOADER = "$(TEST_HOST)";
				CLANG_ENABLE_MODULES = YES;
				CODE_SIGN_STYLE = Automatic;
				CURRENT_PROJECT_VERSION = 1;
				DEVELOPMENT_TEAM = 93RW74SNFB;
				GENERATE_INFOPLIST_FILE = YES;
				IPHONEOS_DEPLOYMENT_TARGET = 16.2;
				LD_RUNPATH_SEARCH_PATHS = (
					"$(inherited)",
					"@executable_path/Frameworks",
					"@loader_path/Frameworks",
				);
				MARKETING_VERSION = 1.0;
				PRODUCT_BUNDLE_IDENTIFIER = es.jorgifumi.EssentialAppTests;
				PRODUCT_NAME = "$(TARGET_NAME)";
				SWIFT_EMIT_LOC_STRINGS = NO;
				SWIFT_OPTIMIZATION_LEVEL = "-Onone";
				SWIFT_VERSION = 5.0;
				TARGETED_DEVICE_FAMILY = "1,2";
				TEST_HOST = "$(BUILT_PRODUCTS_DIR)/EssentialApp.app/$(BUNDLE_EXECUTABLE_FOLDER_PATH)/EssentialApp";
			};
			name = Debug;
		};
		25637029299406DA008759D5 /* Release */ = {
			isa = XCBuildConfiguration;
			buildSettings = {
				ALWAYS_EMBED_SWIFT_STANDARD_LIBRARIES = YES;
				BUNDLE_LOADER = "$(TEST_HOST)";
				CLANG_ENABLE_MODULES = YES;
				CODE_SIGN_STYLE = Automatic;
				CURRENT_PROJECT_VERSION = 1;
				DEVELOPMENT_TEAM = 93RW74SNFB;
				GENERATE_INFOPLIST_FILE = YES;
				IPHONEOS_DEPLOYMENT_TARGET = 16.2;
				LD_RUNPATH_SEARCH_PATHS = (
					"$(inherited)",
					"@executable_path/Frameworks",
					"@loader_path/Frameworks",
				);
				MARKETING_VERSION = 1.0;
				PRODUCT_BUNDLE_IDENTIFIER = es.jorgifumi.EssentialAppTests;
				PRODUCT_NAME = "$(TARGET_NAME)";
				SWIFT_EMIT_LOC_STRINGS = NO;
				SWIFT_VERSION = 5.0;
				TARGETED_DEVICE_FAMILY = "1,2";
				TEST_HOST = "$(BUILT_PRODUCTS_DIR)/EssentialApp.app/$(BUNDLE_EXECUTABLE_FOLDER_PATH)/EssentialApp";
			};
			name = Release;
		};
/* End XCBuildConfiguration section */

/* Begin XCConfigurationList section */
		25636FF5299406D6008759D5 /* Build configuration list for PBXProject "EssentialApp" */ = {
			isa = XCConfigurationList;
			buildConfigurations = (
				25637022299406DA008759D5 /* Debug */,
				25637023299406DA008759D5 /* Release */,
			);
			defaultConfigurationIsVisible = 0;
			defaultConfigurationName = Release;
		};
		25637024299406DA008759D5 /* Build configuration list for PBXNativeTarget "EssentialApp" */ = {
			isa = XCConfigurationList;
			buildConfigurations = (
				25637025299406DA008759D5 /* Debug */,
				25637026299406DA008759D5 /* Release */,
			);
			defaultConfigurationIsVisible = 0;
			defaultConfigurationName = Release;
		};
		25637027299406DA008759D5 /* Build configuration list for PBXNativeTarget "EssentialAppTests" */ = {
			isa = XCConfigurationList;
			buildConfigurations = (
				25637028299406DA008759D5 /* Debug */,
				25637029299406DA008759D5 /* Release */,
			);
			defaultConfigurationIsVisible = 0;
			defaultConfigurationName = Release;
		};
/* End XCConfigurationList section */
	};
	rootObject = 25636FF2299406D6008759D5 /* Project object */;
}
